<?xml version="1.0" encoding="utf-8"?>
<Project ToolsVersion="4.0" xmlns="http://schemas.microsoft.com/developer/msbuild/2003">
  <ItemGroup>
    <Filter Include="Classes">
      <UniqueIdentifier>{030da156-5526-468f-9fd2-f94d20f4c01e}</UniqueIdentifier>
    </Filter>
    <Filter Include="Classes\AI">
      <UniqueIdentifier>{d2f5fea2-c371-465e-a427-abf96c9c9664}</UniqueIdentifier>
    </Filter>
    <Filter Include="Classes\Primitive">
      <UniqueIdentifier>{61d4a6e3-3840-423c-b3b1-e306e7c9fc2b}</UniqueIdentifier>
    </Filter>
    <Filter Include="Resources">
      <UniqueIdentifier>{44b65078-c3b6-4f7e-a3f8-aef387b9fffc}</UniqueIdentifier>
    </Filter>
    <Filter Include="Shaders">
      <UniqueIdentifier>{f968c433-abff-4d91-b665-de9e4b5b59b0}</UniqueIdentifier>
    </Filter>
    <Filter Include="Classes\Animation">
      <UniqueIdentifier>{77a7ecad-a5e5-4f66-b5d1-e88887ef466b}</UniqueIdentifier>
    </Filter>
    <Filter Include="Classes\Application">
      <UniqueIdentifier>{3e56b37f-18c2-4a83-99e9-f89e9c8998ed}</UniqueIdentifier>
    </Filter>
    <Filter Include="Classes\Audio">
      <UniqueIdentifier>{cb5926ac-3523-4827-81a4-dd168a9dfeb6}</UniqueIdentifier>
    </Filter>
    <Filter Include="Classes\Audio\Format">
      <UniqueIdentifier>{0db9e310-dc43-48ab-99b9-a98c57975c78}</UniqueIdentifier>
    </Filter>
    <Filter Include="Classes\Audio\OpenAL">
      <UniqueIdentifier>{af5db849-6243-401e-9f23-e7fa0c040821}</UniqueIdentifier>
    </Filter>
    <Filter Include="Classes\Audio\XAudio">
      <UniqueIdentifier>{ea9f2466-263a-4871-b696-3e8f345c18f0}</UniqueIdentifier>
    </Filter>
    <Filter Include="Classes\Control">
      <UniqueIdentifier>{f1c9c19c-0373-434e-80da-ffda2a0650d0}</UniqueIdentifier>
    </Filter>
    <Filter Include="Classes\Drawable">
      <UniqueIdentifier>{bb89624a-5c55-4e86-8269-7bb4dd847e2c}</UniqueIdentifier>
    </Filter>
    <Filter Include="Classes\File">
      <UniqueIdentifier>{364dd3ab-beb1-4616-8d57-daf3e9accb5d}</UniqueIdentifier>
    </Filter>
    <Filter Include="Classes\Input">
      <UniqueIdentifier>{a1edd6d7-7af1-4995-b428-6897bcd017d2}</UniqueIdentifier>
    </Filter>
    <Filter Include="Classes\Map">
      <UniqueIdentifier>{439d4d22-71a1-4b89-819b-f6078918680e}</UniqueIdentifier>
    </Filter>
    <Filter Include="Classes\Timer">
      <UniqueIdentifier>{b6e43421-c17a-422b-8bc0-ce5cba9eca9e}</UniqueIdentifier>
    </Filter>
    <Filter Include="Classes\Utility">
      <UniqueIdentifier>{3652ae14-e52b-4067-9f3c-5f92fa63dc74}</UniqueIdentifier>
    </Filter>
    <Filter Include="Classes\Video">
      <UniqueIdentifier>{575c09f3-9ffd-4a16-a5d0-f8e5f5975d54}</UniqueIdentifier>
    </Filter>
    <Filter Include="Classes\Control\Signal">
      <UniqueIdentifier>{ec5bb1fc-dfe3-46ee-b65d-e15cebb81424}</UniqueIdentifier>
    </Filter>
    <Filter Include="Classes\Video\Direct3D9">
      <UniqueIdentifier>{69a3959e-50df-4999-8f09-41540091f588}</UniqueIdentifier>
    </Filter>
  </ItemGroup>
  <ItemGroup>
    <ClInclude Include="Classes\Point2D.h">
      <Filter>Classes\Primitive</Filter>
    </ClInclude>
    <ClInclude Include="Classes\Point3D.h">
      <Filter>Classes\Primitive</Filter>
    </ClInclude>
    <ClInclude Include="Classes\Rect.h">
      <Filter>Classes\Primitive</Filter>
    </ClInclude>
    <ClInclude Include="Classes\Node.h">
      <Filter>Classes\AI</Filter>
    </ClInclude>
    <ClInclude Include="Classes\Pathfind.h">
      <Filter>Classes\AI</Filter>
    </ClInclude>
    <ClInclude Include="Resources\BuildDLL.h">
      <Filter>Resources</Filter>
    </ClInclude>
    <ClInclude Include="Classes\GameState.h">
      <Filter>Classes\AI</Filter>
    </ClInclude>
    <ClInclude Include="Classes\AnimationFrame.h">
      <Filter>Classes\Animation</Filter>
    </ClInclude>
    <ClInclude Include="Classes\ColorChanger.h">
      <Filter>Classes\Animation</Filter>
    </ClInclude>
    <ClInclude Include="Classes\ScreenEffect.h">
      <Filter>Classes\Animation</Filter>
    </ClInclude>
    <ClInclude Include="Classes\TextDynamic.h">
      <Filter>Classes\Animation</Filter>
    </ClInclude>
    <ClInclude Include="Classes\TextDynamicWave.h">
      <Filter>Classes\Animation</Filter>
    </ClInclude>
    <ClInclude Include="Classes\TextDynamicZoom.h">
      <Filter>Classes\Animation</Filter>
    </ClInclude>
    <ClInclude Include="Classes\Application.h">
      <Filter>Classes\Application</Filter>
    </ClInclude>
    <ClInclude Include="Classes\Audio.h">
      <Filter>Classes\Audio</Filter>
    </ClInclude>
    <ClInclude Include="Classes\Music.h">
      <Filter>Classes\Audio</Filter>
    </ClInclude>
    <ClInclude Include="Classes\Sound.h">
      <Filter>Classes\Audio</Filter>
    </ClInclude>
    <ClInclude Include="Classes\Source.h">
      <Filter>Classes\Audio</Filter>
    </ClInclude>
    <ClInclude Include="Classes\OGGFile.h">
      <Filter>Classes\Audio\Format</Filter>
    </ClInclude>
    <ClInclude Include="Classes\AudioXAudio.h">
      <Filter>Classes\Audio\XAudio</Filter>
    </ClInclude>
    <ClInclude Include="Classes\BufferXAudio.h">
      <Filter>Classes\Audio\XAudio</Filter>
    </ClInclude>
    <ClInclude Include="Classes\MusicXAudioOGG.h">
      <Filter>Classes\Audio\XAudio</Filter>
    </ClInclude>
    <ClInclude Include="Classes\SoundXAudio.h">
      <Filter>Classes\Audio\XAudio</Filter>
    </ClInclude>
    <ClInclude Include="Classes\SoundXAudioOGG.h">
      <Filter>Classes\Audio\XAudio</Filter>
    </ClInclude>
    <ClInclude Include="Classes\SourceVoiceXAudio.h">
      <Filter>Classes\Audio\XAudio</Filter>
    </ClInclude>
    <ClInclude Include="Classes\XAudio.h">
      <Filter>Classes\Audio\XAudio</Filter>
    </ClInclude>
    <ClInclude Include="Classes\AudioOpenAL.h">
      <Filter>Classes\Audio\OpenAL</Filter>
    </ClInclude>
    <ClInclude Include="Classes\BufferOpenAL.h">
      <Filter>Classes\Audio\OpenAL</Filter>
    </ClInclude>
    <ClInclude Include="Classes\MusicOpenALOGG.h">
      <Filter>Classes\Audio\OpenAL</Filter>
    </ClInclude>
    <ClInclude Include="Classes\OpenAL.h">
      <Filter>Classes\Audio\OpenAL</Filter>
    </ClInclude>
    <ClInclude Include="Classes\SoundOpenAL.h">
      <Filter>Classes\Audio\OpenAL</Filter>
    </ClInclude>
    <ClInclude Include="Classes\SoundOpenALOGG.h">
      <Filter>Classes\Audio\OpenAL</Filter>
    </ClInclude>
    <ClInclude Include="Classes\SourceOpenAL.h">
      <Filter>Classes\Audio\OpenAL</Filter>
    </ClInclude>
    <ClInclude Include="Classes\Bar.h">
      <Filter>Classes\Control</Filter>
    </ClInclude>
    <ClInclude Include="Classes\Button.h">
      <Filter>Classes\Control</Filter>
    </ClInclude>
    <ClInclude Include="Classes\CheckBox.h">
      <Filter>Classes\Control</Filter>
    </ClInclude>
    <ClInclude Include="Classes\ComboBox.h">
      <Filter>Classes\Control</Filter>
    </ClInclude>
    <ClInclude Include="Classes\Control.h">
      <Filter>Classes\Control</Filter>
    </ClInclude>
    <ClInclude Include="Classes\DialogueBox.h">
      <Filter>Classes\Control</Filter>
    </ClInclude>
    <ClInclude Include="Classes\Label.h">
      <Filter>Classes\Control</Filter>
    </ClInclude>
    <ClInclude Include="Classes\MessageLog.h">
      <Filter>Classes\Control</Filter>
    </ClInclude>
    <ClInclude Include="Classes\PictureBox.h">
      <Filter>Classes\Control</Filter>
    </ClInclude>
    <ClInclude Include="Classes\RadioButton.h">
      <Filter>Classes\Control</Filter>
    </ClInclude>
    <ClInclude Include="Classes\TextBox.h">
      <Filter>Classes\Control</Filter>
    </ClInclude>
    <ClInclude Include="Classes\ToolTip.h">
      <Filter>Classes\Control</Filter>
    </ClInclude>
    <ClInclude Include="Classes\TrackBar.h">
      <Filter>Classes\Control</Filter>
    </ClInclude>
    <ClInclude Include="Classes\Window.h">
      <Filter>Classes\Control</Filter>
    </ClInclude>
    <ClInclude Include="Classes\Model.h">
      <Filter>Classes\Drawable</Filter>
    </ClInclude>
    <ClInclude Include="Classes\Sprite.h">
      <Filter>Classes\Drawable</Filter>
    </ClInclude>
    <ClInclude Include="Classes\Text.h">
      <Filter>Classes\Drawable</Filter>
    </ClInclude>
    <ClInclude Include="Classes\ResourceFile.h">
      <Filter>Classes\File</Filter>
    </ClInclude>
    <ClInclude Include="Classes\ResourceManager.h">
      <Filter>Classes\File</Filter>
    </ClInclude>
    <ClInclude Include="Classes\Input.h">
      <Filter>Classes\Input</Filter>
    </ClInclude>
    <ClInclude Include="Classes\MapObject.h">
      <Filter>Classes\Map</Filter>
    </ClInclude>
    <ClInclude Include="Classes\TileSet.h">
      <Filter>Classes\Map</Filter>
    </ClInclude>
    <ClInclude Include="Classes\Color.h">
      <Filter>Classes\Primitive</Filter>
    </ClInclude>
    <ClInclude Include="Classes\Quantity.h">
      <Filter>Classes\Primitive</Filter>
    </ClInclude>
    <ClInclude Include="Classes\Interval.h">
      <Filter>Classes\Timer</Filter>
    </ClInclude>
    <ClInclude Include="Classes\Timer.h">
      <Filter>Classes\Timer</Filter>
    </ClInclude>
    <ClInclude Include="Classes\Convert.h">
      <Filter>Classes\Utility</Filter>
    </ClInclude>
    <ClInclude Include="Classes\Directory.h">
      <Filter>Classes\Utility</Filter>
    </ClInclude>
    <ClInclude Include="Classes\Format.h">
      <Filter>Classes\Utility</Filter>
    </ClInclude>
    <ClInclude Include="Classes\Random.h">
      <Filter>Classes\Utility</Filter>
    </ClInclude>
    <ClInclude Include="Classes\Game.h">
      <Filter>Classes</Filter>
    </ClInclude>
    <ClInclude Include="Classes\Font.h">
      <Filter>Classes\Video</Filter>
    </ClInclude>
    <ClInclude Include="Classes\RenderTarget.h">
      <Filter>Classes\Video</Filter>
    </ClInclude>
    <ClInclude Include="Classes\Texture.h">
      <Filter>Classes\Video</Filter>
    </ClInclude>
    <ClInclude Include="Classes\Video.h">
      <Filter>Classes\Video</Filter>
    </ClInclude>
    <ClInclude Include="Classes\Mouse.h">
      <Filter>Classes\Input</Filter>
    </ClInclude>
    <ClInclude Include="Classes\InputDevice.h">
      <Filter>Classes\Input</Filter>
    </ClInclude>
    <ClInclude Include="Classes\MouseRawInput.h">
      <Filter>Classes\Input</Filter>
    </ClInclude>
    <ClInclude Include="Classes\InputWin32.h">
      <Filter>Classes\Input</Filter>
    </ClInclude>
    <ClInclude Include="Classes\Keyboard.h">
      <Filter>Classes\Input</Filter>
    </ClInclude>
    <ClInclude Include="Classes\KeyboardRawInput.h">
      <Filter>Classes\Input</Filter>
    </ClInclude>
    <ClInclude Include="Classes\Joystick.h">
      <Filter>Classes\Input</Filter>
    </ClInclude>
    <ClInclude Include="Classes\JoystickDirectInput.h">
      <Filter>Classes\Input</Filter>
    </ClInclude>
    <ClInclude Include="Classes\Log.h">
      <Filter>Classes\Utility</Filter>
    </ClInclude>
    <ClInclude Include="Classes\Factory.h">
      <Filter>Classes\Utility</Filter>
    </ClInclude>
    <ClInclude Include="Classes\ApplicationWin32.h">
      <Filter>Classes\Application</Filter>
    </ClInclude>
    <ClInclude Include="Classes\Signal.h">
      <Filter>Classes\Control\Signal</Filter>
    </ClInclude>
    <ClInclude Include="Classes\SignalBase.h">
      <Filter>Classes\Control\Signal</Filter>
    </ClInclude>
    <ClInclude Include="Classes\Direct3D9.h">
      <Filter>Classes\Video\Direct3D9</Filter>
    </ClInclude>
    <ClInclude Include="Classes\FontDirect3D9.h">
      <Filter>Classes\Video\Direct3D9</Filter>
    </ClInclude>
    <ClInclude Include="Classes\IndexBufferDirect3D9.h">
      <Filter>Classes\Video\Direct3D9</Filter>
    </ClInclude>
    <ClInclude Include="Classes\PixelShaderDirect3D9.h">
      <Filter>Classes\Video\Direct3D9</Filter>
    </ClInclude>
    <ClInclude Include="Classes\RenderTargetDirect3D9.h">
      <Filter>Classes\Video\Direct3D9</Filter>
    </ClInclude>
    <ClInclude Include="Classes\SurfaceDirect3D9.h">
      <Filter>Classes\Video\Direct3D9</Filter>
    </ClInclude>
    <ClInclude Include="Classes\TextureDirect3D9.h">
      <Filter>Classes\Video\Direct3D9</Filter>
    </ClInclude>
    <ClInclude Include="Classes\VertexBufferDirect3D9.h">
      <Filter>Classes\Video\Direct3D9</Filter>
    </ClInclude>
    <ClInclude Include="Classes\VertexDeclarationDirect3D9.h">
      <Filter>Classes\Video\Direct3D9</Filter>
    </ClInclude>
    <ClInclude Include="Classes\VertexShaderDirect3D9.h">
      <Filter>Classes\Video\Direct3D9</Filter>
    </ClInclude>
    <ClInclude Include="Classes\VideoDirect3D9.h">
      <Filter>Classes\Video\Direct3D9</Filter>
    </ClInclude>
    <ClInclude Include="Classes\View.h">
      <Filter>Classes\Video</Filter>
    </ClInclude>
    <ClInclude Include="Classes\VideoMode.h">
      <Filter>Classes\Video</Filter>
    </ClInclude>
    <ClInclude Include="Classes\MapTileBase.h">
      <Filter>Classes\Map</Filter>
    </ClInclude>
  </ItemGroup>
  <ItemGroup>
    <ClCompile Include="Classes\Node.cpp">
      <Filter>Classes\AI</Filter>
    </ClCompile>
    <ClCompile Include="Classes\Pathfind.cpp">
      <Filter>Classes\AI</Filter>
    </ClCompile>
    <ClCompile Include="Classes\GameState.cpp">
      <Filter>Classes\AI</Filter>
    </ClCompile>
    <ClCompile Include="Classes\AnimationFrame.cpp">
      <Filter>Classes\Animation</Filter>
    </ClCompile>
    <ClCompile Include="Classes\ColorChanger.cpp">
      <Filter>Classes\Animation</Filter>
    </ClCompile>
    <ClCompile Include="Classes\ScreenEffect.cpp">
      <Filter>Classes\Animation</Filter>
    </ClCompile>
    <ClCompile Include="Classes\TextDynamic.cpp">
      <Filter>Classes\Animation</Filter>
    </ClCompile>
    <ClCompile Include="Classes\TextDynamicWave.cpp">
      <Filter>Classes\Animation</Filter>
    </ClCompile>
    <ClCompile Include="Classes\TextDynamicZoom.cpp">
      <Filter>Classes\Animation</Filter>
    </ClCompile>
    <ClCompile Include="Classes\Application.cpp">
      <Filter>Classes\Application</Filter>
    </ClCompile>
    <ClCompile Include="Classes\Audio.cpp">
      <Filter>Classes\Audio</Filter>
    </ClCompile>
    <ClCompile Include="Classes\Music.cpp">
      <Filter>Classes\Audio</Filter>
    </ClCompile>
    <ClCompile Include="Classes\Sound.cpp">
      <Filter>Classes\Audio</Filter>
    </ClCompile>
    <ClCompile Include="Classes\Source.cpp">
      <Filter>Classes\Audio</Filter>
    </ClCompile>
    <ClCompile Include="Classes\OGGFile.cpp">
      <Filter>Classes\Audio\Format</Filter>
    </ClCompile>
    <ClCompile Include="Classes\AudioXAudio.cpp">
      <Filter>Classes\Audio\XAudio</Filter>
    </ClCompile>
    <ClCompile Include="Classes\BufferXAudio.cpp">
      <Filter>Classes\Audio\XAudio</Filter>
    </ClCompile>
    <ClCompile Include="Classes\MusicXAudioOGG.cpp">
      <Filter>Classes\Audio\XAudio</Filter>
    </ClCompile>
    <ClCompile Include="Classes\SoundXAudio.cpp">
      <Filter>Classes\Audio\XAudio</Filter>
    </ClCompile>
    <ClCompile Include="Classes\SoundXAudioOGG.cpp">
      <Filter>Classes\Audio\XAudio</Filter>
    </ClCompile>
    <ClCompile Include="Classes\SourceVoiceXAudio.cpp">
      <Filter>Classes\Audio\XAudio</Filter>
    </ClCompile>
    <ClCompile Include="Classes\XAudio.cpp">
      <Filter>Classes\Audio\XAudio</Filter>
    </ClCompile>
    <ClCompile Include="Classes\AudioOpenAL.cpp">
      <Filter>Classes\Audio\OpenAL</Filter>
    </ClCompile>
    <ClCompile Include="Classes\BufferOpenAL.cpp">
      <Filter>Classes\Audio\OpenAL</Filter>
    </ClCompile>
    <ClCompile Include="Classes\MusicOpenALOGG.cpp">
      <Filter>Classes\Audio\OpenAL</Filter>
    </ClCompile>
    <ClCompile Include="Classes\OpenAL.cpp">
      <Filter>Classes\Audio\OpenAL</Filter>
    </ClCompile>
    <ClCompile Include="Classes\SoundOpenAL.cpp">
      <Filter>Classes\Audio\OpenAL</Filter>
    </ClCompile>
    <ClCompile Include="Classes\SoundOpenALOGG.cpp">
      <Filter>Classes\Audio\OpenAL</Filter>
    </ClCompile>
    <ClCompile Include="Classes\SourceOpenAL.cpp">
      <Filter>Classes\Audio\OpenAL</Filter>
    </ClCompile>
    <ClCompile Include="Classes\Bar.cpp">
      <Filter>Classes\Control</Filter>
    </ClCompile>
    <ClCompile Include="Classes\Button.cpp">
      <Filter>Classes\Control</Filter>
    </ClCompile>
    <ClCompile Include="Classes\CheckBox.cpp">
      <Filter>Classes\Control</Filter>
    </ClCompile>
    <ClCompile Include="Classes\ComboBox.cpp">
      <Filter>Classes\Control</Filter>
    </ClCompile>
    <ClCompile Include="Classes\Control.cpp">
      <Filter>Classes\Control</Filter>
    </ClCompile>
    <ClCompile Include="Classes\DialogueBox.cpp">
      <Filter>Classes\Control</Filter>
    </ClCompile>
    <ClCompile Include="Classes\Label.cpp">
      <Filter>Classes\Control</Filter>
    </ClCompile>
    <ClCompile Include="Classes\MessageLog.cpp">
      <Filter>Classes\Control</Filter>
    </ClCompile>
    <ClCompile Include="Classes\PictureBox.cpp">
      <Filter>Classes\Control</Filter>
    </ClCompile>
    <ClCompile Include="Classes\RadioButton.cpp">
      <Filter>Classes\Control</Filter>
    </ClCompile>
    <ClCompile Include="Classes\TextBox.cpp">
      <Filter>Classes\Control</Filter>
    </ClCompile>
    <ClCompile Include="Classes\ToolTip.cpp">
      <Filter>Classes\Control</Filter>
    </ClCompile>
    <ClCompile Include="Classes\TrackBar.cpp">
      <Filter>Classes\Control</Filter>
    </ClCompile>
    <ClCompile Include="Classes\Window.cpp">
      <Filter>Classes\Control</Filter>
    </ClCompile>
    <ClCompile Include="Classes\Model.cpp">
      <Filter>Classes\Drawable</Filter>
    </ClCompile>
    <ClCompile Include="Classes\Sprite.cpp">
      <Filter>Classes\Drawable</Filter>
    </ClCompile>
    <ClCompile Include="Classes\Text.cpp">
      <Filter>Classes\Drawable</Filter>
    </ClCompile>
    <ClCompile Include="Classes\ResourceFile.cpp">
      <Filter>Classes\File</Filter>
    </ClCompile>
    <ClCompile Include="Classes\Input.cpp">
      <Filter>Classes\Input</Filter>
    </ClCompile>
    <ClCompile Include="Classes\MapObject.cpp">
      <Filter>Classes\Map</Filter>
    </ClCompile>
    <ClCompile Include="Classes\TileSet.cpp">
      <Filter>Classes\Map</Filter>
    </ClCompile>
    <ClCompile Include="Classes\Color.cpp">
      <Filter>Classes\Primitive</Filter>
    </ClCompile>
    <ClCompile Include="Classes\Quantity.cpp">
      <Filter>Classes\Primitive</Filter>
    </ClCompile>
    <ClCompile Include="Classes\Interval.cpp">
      <Filter>Classes\Timer</Filter>
    </ClCompile>
    <ClCompile Include="Classes\Timer.cpp">
      <Filter>Classes\Timer</Filter>
    </ClCompile>
    <ClCompile Include="Classes\Convert.cpp">
      <Filter>Classes\Utility</Filter>
    </ClCompile>
    <ClCompile Include="Classes\Directory.cpp">
      <Filter>Classes\Utility</Filter>
    </ClCompile>
    <ClCompile Include="Classes\Format.cpp">
      <Filter>Classes\Utility</Filter>
    </ClCompile>
    <ClCompile Include="Classes\Random.cpp">
      <Filter>Classes\Utility</Filter>
    </ClCompile>
    <ClCompile Include="Classes\Game.cpp">
      <Filter>Classes</Filter>
    </ClCompile>
    <ClCompile Include="Classes\Font.cpp">
      <Filter>Classes\Video</Filter>
    </ClCompile>
    <ClCompile Include="Classes\RenderTarget.cpp">
      <Filter>Classes\Video</Filter>
    </ClCompile>
    <ClCompile Include="Classes\Texture.cpp">
      <Filter>Classes\Video</Filter>
    </ClCompile>
    <ClCompile Include="Classes\Video.cpp">
      <Filter>Classes\Video</Filter>
    </ClCompile>
    <ClCompile Include="Classes\Mouse.cpp">
      <Filter>Classes\Input</Filter>
    </ClCompile>
    <ClCompile Include="Classes\MouseRawInput.cpp">
      <Filter>Classes\Input</Filter>
    </ClCompile>
    <ClCompile Include="Classes\InputWin32.cpp">
      <Filter>Classes\Input</Filter>
    </ClCompile>
    <ClCompile Include="Classes\Keyboard.cpp">
      <Filter>Classes\Input</Filter>
    </ClCompile>
    <ClCompile Include="Classes\KeyboardRawInput.cpp">
      <Filter>Classes\Input</Filter>
    </ClCompile>
    <ClCompile Include="Classes\Joystick.cpp">
      <Filter>Classes\Input</Filter>
    </ClCompile>
    <ClCompile Include="Classes\JoystickDirectInput.cpp">
      <Filter>Classes\Input</Filter>
    </ClCompile>
    <ClCompile Include="Classes\Log.cpp">
      <Filter>Classes\Utility</Filter>
    </ClCompile>
    <ClCompile Include="Classes\ApplicationWin32.cpp">
      <Filter>Classes\Application</Filter>
    </ClCompile>
    <ClCompile Include="Classes\SignalBase.cpp">
      <Filter>Classes\Control\Signal</Filter>
    </ClCompile>
    <ClCompile Include="Classes\Direct3D9.cpp">
      <Filter>Classes\Video\Direct3D9</Filter>
    </ClCompile>
    <ClCompile Include="Classes\FontDirect3D9.cpp">
      <Filter>Classes\Video\Direct3D9</Filter>
    </ClCompile>
    <ClCompile Include="Classes\IndexBufferDirect3D9.cpp">
      <Filter>Classes\Video\Direct3D9</Filter>
    </ClCompile>
    <ClCompile Include="Classes\PixelShaderDirect3D9.cpp">
      <Filter>Classes\Video\Direct3D9</Filter>
    </ClCompile>
    <ClCompile Include="Classes\RenderTargetDirect3D9.cpp">
      <Filter>Classes\Video\Direct3D9</Filter>
    </ClCompile>
    <ClCompile Include="Classes\SurfaceDirect3D9.cpp">
      <Filter>Classes\Video\Direct3D9</Filter>
    </ClCompile>
    <ClCompile Include="Classes\TextureDirect3D9.cpp">
      <Filter>Classes\Video\Direct3D9</Filter>
    </ClCompile>
    <ClCompile Include="Classes\VertexBufferDirect3D9.cpp">
      <Filter>Classes\Video\Direct3D9</Filter>
    </ClCompile>
    <ClCompile Include="Classes\VertexDeclarationDirect3D9.cpp">
      <Filter>Classes\Video\Direct3D9</Filter>
    </ClCompile>
    <ClCompile Include="Classes\VertexShaderDirect3D9.cpp">
      <Filter>Classes\Video\Direct3D9</Filter>
    </ClCompile>
    <ClCompile Include="Classes\VideoDirect3D9.cpp">
      <Filter>Classes\Video\Direct3D9</Filter>
    </ClCompile>
    <ClCompile Include="Classes\View.cpp">
      <Filter>Classes\Video</Filter>
    </ClCompile>
    <ClCompile Include="Classes\VideoMode.cpp">
      <Filter>Classes\Video</Filter>
    </ClCompile>
    <ClCompile Include="Classes\MapTileBase.cpp">
      <Filter>Classes\Map</Filter>
    </ClCompile>
  </ItemGroup>
  <ItemGroup>
    <Image Include="Resources\Application.ico">
      <Filter>Resources</Filter>
    </Image>
  </ItemGroup>
  <ItemGroup>
    <Text Include="Resources\Read Me.txt">
      <Filter>Resources</Filter>
    </Text>
    <Text Include="TODO.txt" />
  </ItemGroup>
  <ItemGroup>
    <ResourceCompile Include="Resources\ApplicationResource.rc">
      <Filter>Resources</Filter>
    </ResourceCompile>
  </ItemGroup>
  <ItemGroup>
    <None Include="Shaders\Render.psh">
      <Filter>Shaders</Filter>
    </None>
    <None Include="Shaders\Render.vsh">
      <Filter>Shaders</Filter>
    </None>
    <None Include="Class Diagram.cd" />
  </ItemGroup>
</Project>